
Microsoft Visual Studio Solution File, Format Version 12.00
# Visual Studio 15
VisualStudioVersion = 15.0.28307.168
MinimumVisualStudioVersion = 10.0.40219.1
Project("{FAE04EC0-301F-11D3-BF4B-00C04F79EFBC}") = "CosmosDB.MVC", "CosmosDB.MVC\CosmosDB.MVC.csproj", "{24C4D8CE-7F2E-46AC-8DEB-EBC7ECDBF790}"
EndProject
Global
	GlobalSection(SolutionConfigurationPlatforms) = preSolution
		Debug|Any CPU = Debug|Any CPU
		Release|Any CPU = Release|Any CPU
	EndGlobalSection
	GlobalSection(ProjectConfigurationPlatforms) = postSolution
		{24C4D8CE-7F2E-46AC-8DEB-EBC7ECDBF790}.Debug|Any CPU.ActiveCfg = Debug|Any CPU
		{24C4D8CE-7F2E-46AC-8DEB-EBC7ECDBF790}.Debug|Any CPU.Build.0 = Debug|Any CPU
		{24C4D8CE-7F2E-46AC-8DEB-EBC7ECDBF790}.Release|Any CPU.ActiveCfg = Release|Any CPU
		{24C4D8CE-7F2E-46AC-8DEB-EBC7ECDBF790}.Release|Any CPU.Build.0 = Release|Any CPU
	EndGlobalSection
	GlobalSection(SolutionProperties) = preSolution
		HideSolutionNode = FALSE
	EndGlobalSection
	GlobalSection(ExtensibilityGlobals) = postSolution
		SolutionGuid = {2665BB8B-D764-49BF-8B6F-F33CBE8E6BC0}
	EndGlobalSection
EndGlobal
